
Microsoft Visual Studio Solution File, Format Version 12.00
# Visual Studio Version 16
VisualStudioVersion = 16.0.32126.315
MinimumVisualStudioVersion = 10.0.40219.1
Project("{FAE04EC0-301F-11D3-BF4B-00C04F79EFBC}") = "NoteApp", "NoteApp.csproj", "{359EBB35-CF6A-4B4A-8518-5B6E117F6ED4}"
EndProject
Global
	GlobalSection(SolutionConfigurationPlatforms) = preSolution
		Debug|Any CPU = Debug|Any CPU
		Release|Any CPU = Release|Any CPU
	EndGlobalSection
	GlobalSection(ProjectConfigurationPlatforms) = postSolution
		{359EBB35-CF6A-4B4A-8518-5B6E117F6ED4}.Debug|Any CPU.ActiveCfg = Debug|Any CPU
		{359EBB35-CF6A-4B4A-8518-5B6E117F6ED4}.Debug|Any CPU.Build.0 = Debug|Any CPU
		{359EBB35-CF6A-4B4A-8518-5B6E117F6ED4}.Release|Any CPU.ActiveCfg = Release|Any CPU
		{359EBB35-CF6A-4B4A-8518-5B6E117F6ED4}.Release|Any CPU.Build.0 = Release|Any CPU
	EndGlobalSection
	GlobalSection(SolutionProperties) = preSolution
		HideSolutionNode = FALSE
	EndGlobalSection
	GlobalSection(ExtensibilityGlobals) = postSolution
		SolutionGuid = {BD36846F-C504-406B-8040-22E59D3EC370}
	EndGlobalSection
EndGlobal
